// !$*UTF8*$!
{
	archiveVersion = 1;
	classes = {
	};
	objectVersion = 50;
	objects = {

/* Begin PBXBuildFile section */
		B9AE5DCCBD6D73B9FD220B39 /* Pods_Todoey.framework in Frameworks */ = {isa = PBXBuildFile; fileRef = ACCC6F18F18DD02357F95D12 /* Pods_Todoey.framework */; };
		C55FBD4421FF39EC00B51F7A /* CategoryViewController.swift in Sources */ = {isa = PBXBuildFile; fileRef = C55FBD4321FF39EC00B51F7A /* CategoryViewController.swift */; };
		C565EBBA2212FFB700529D01 /* Item.swift in Sources */ = {isa = PBXBuildFile; fileRef = C565EBB92212FFB700529D01 /* Item.swift */; };
		C565EBBC2212FFCC00529D01 /* Category.swift in Sources */ = {isa = PBXBuildFile; fileRef = C565EBBB2212FFCC00529D01 /* Category.swift */; };
		C5AA8AD221EA132800A81B8C /* AppDelegate.swift in Sources */ = {isa = PBXBuildFile; fileRef = C5AA8AD121EA132800A81B8C /* AppDelegate.swift */; };
		C5AA8AD421EA132800A81B8C /* TodoListViewController.swift in Sources */ = {isa = PBXBuildFile; fileRef = C5AA8AD321EA132800A81B8C /* TodoListViewController.swift */; };
		C5AA8AD721EA132800A81B8C /* Main.storyboard in Resources */ = {isa = PBXBuildFile; fileRef = C5AA8AD521EA132800A81B8C /* Main.storyboard */; };
		C5AA8AD921EA132B00A81B8C /* Assets.xcassets in Resources */ = {isa = PBXBuildFile; fileRef = C5AA8AD821EA132B00A81B8C /* Assets.xcassets */; };
		C5AA8ADC21EA132B00A81B8C /* LaunchScreen.storyboard in Resources */ = {isa = PBXBuildFile; fileRef = C5AA8ADA21EA132B00A81B8C /* LaunchScreen.storyboard */; };
/* End PBXBuildFile section */

/* Begin PBXFileReference section */
		ACCC6F18F18DD02357F95D12 /* Pods_Todoey.framework */ = {isa = PBXFileReference; explicitFileType = wrapper.framework; includeInIndex = 0; path = Pods_Todoey.framework; sourceTree = BUILT_PRODUCTS_DIR; };
		AEC0FCC95CEE95226EBC0AF4 /* Pods-Todoey.debug.xcconfig */ = {isa = PBXFileReference; includeInIndex = 1; lastKnownFileType = text.xcconfig; name = "Pods-Todoey.debug.xcconfig"; path = "Pods/Target Support Files/Pods-Todoey/Pods-Todoey.debug.xcconfig"; sourceTree = "<group>"; };
		C55FBD4321FF39EC00B51F7A /* CategoryViewController.swift */ = {isa = PBXFileReference; lastKnownFileType = sourcecode.swift; path = CategoryViewController.swift; sourceTree = "<group>"; };
		C565EBB92212FFB700529D01 /* Item.swift */ = {isa = PBXFileReference; lastKnownFileType = sourcecode.swift; path = Item.swift; sourceTree = "<group>"; };
		C565EBBB2212FFCC00529D01 /* Category.swift */ = {isa = PBXFileReference; lastKnownFileType = sourcecode.swift; path = Category.swift; sourceTree = "<group>"; };
		C5AA8ACE21EA132800A81B8C /* Todoey.app */ = {isa = PBXFileReference; explicitFileType = wrapper.application; includeInIndex = 0; path = Todoey.app; sourceTree = BUILT_PRODUCTS_DIR; };
		C5AA8AD121EA132800A81B8C /* AppDelegate.swift */ = {isa = PBXFileReference; lastKnownFileType = sourcecode.swift; path = AppDelegate.swift; sourceTree = "<group>"; };
		C5AA8AD321EA132800A81B8C /* TodoListViewController.swift */ = {isa = PBXFileReference; lastKnownFileType = sourcecode.swift; path = TodoListViewController.swift; sourceTree = "<group>"; };
		C5AA8AD621EA132800A81B8C /* Base */ = {isa = PBXFileReference; lastKnownFileType = file.storyboard; name = Base; path = Base.lproj/Main.storyboard; sourceTree = "<group>"; };
		C5AA8AD821EA132B00A81B8C /* Assets.xcassets */ = {isa = PBXFileReference; lastKnownFileType = folder.assetcatalog; path = Assets.xcassets; sourceTree = "<group>"; };
		C5AA8ADB21EA132B00A81B8C /* Base */ = {isa = PBXFileReference; lastKnownFileType = file.storyboard; name = Base; path = Base.lproj/LaunchScreen.storyboard; sourceTree = "<group>"; };
		C5AA8ADD21EA132B00A81B8C /* Info.plist */ = {isa = PBXFileReference; lastKnownFileType = text.plist.xml; path = Info.plist; sourceTree = "<group>"; };
		D7F26CD0DFA06D61D02C939B /* Pods-Todoey.release.xcconfig */ = {isa = PBXFileReference; includeInIndex = 1; lastKnownFileType = text.xcconfig; name = "Pods-Todoey.release.xcconfig"; path = "Pods/Target Support Files/Pods-Todoey/Pods-Todoey.release.xcconfig"; sourceTree = "<group>"; };
/* End PBXFileReference section */

/* Begin PBXFrameworksBuildPhase section */
		C5AA8ACB21EA132800A81B8C /* Frameworks */ = {
			isa = PBXFrameworksBuildPhase;
			buildActionMask = 2147483647;
			files = (
				B9AE5DCCBD6D73B9FD220B39 /* Pods_Todoey.framework in Frameworks */,
			);
			runOnlyForDeploymentPostprocessing = 0;
		};
/* End PBXFrameworksBuildPhase section */

/* Begin PBXGroup section */
		8F791AB1AAEF9ADF0793F723 /* Pods */ = {
			isa = PBXGroup;
			children = (
				AEC0FCC95CEE95226EBC0AF4 /* Pods-Todoey.debug.xcconfig */,
				D7F26CD0DFA06D61D02C939B /* Pods-Todoey.release.xcconfig */,
			);
			name = Pods;
			sourceTree = "<group>";
		};
		BD751A85F5AA460421A1642A /* Frameworks */ = {
			isa = PBXGroup;
			children = (
				ACCC6F18F18DD02357F95D12 /* Pods_Todoey.framework */,
			);
			name = Frameworks;
			sourceTree = "<group>";
		};
		C564067321EF648D00A081BD /* Data Model */ = {
			isa = PBXGroup;
			children = (
				C565EBB92212FFB700529D01 /* Item.swift */,
				C565EBBB2212FFCC00529D01 /* Category.swift */,
			);
			path = "Data Model";
			sourceTree = "<group>";
		};
		C564067421EF64FD00A081BD /* Controllers */ = {
			isa = PBXGroup;
			children = (
				C55FBD4321FF39EC00B51F7A /* CategoryViewController.swift */,
				C5AA8AD321EA132800A81B8C /* TodoListViewController.swift */,
			);
			path = Controllers;
			sourceTree = "<group>";
		};
		C564067521EF654100A081BD /* Views */ = {
			isa = PBXGroup;
			children = (
				C5AA8AD521EA132800A81B8C /* Main.storyboard */,
			);
			path = Views;
			sourceTree = "<group>";
		};
		C564067621EF658C00A081BD /* Supporting Files */ = {
			isa = PBXGroup;
			children = (
				C5AA8AD821EA132B00A81B8C /* Assets.xcassets */,
				C5AA8ADA21EA132B00A81B8C /* LaunchScreen.storyboard */,
			);
			path = "Supporting Files";
			sourceTree = "<group>";
		};
		C5AA8AC521EA132800A81B8C = {
			isa = PBXGroup;
			children = (
				C5AA8AD021EA132800A81B8C /* Todoey */,
				C5AA8ACF21EA132800A81B8C /* Products */,
				8F791AB1AAEF9ADF0793F723 /* Pods */,
				BD751A85F5AA460421A1642A /* Frameworks */,
			);
			sourceTree = "<group>";
		};
		C5AA8ACF21EA132800A81B8C /* Products */ = {
			isa = PBXGroup;
			children = (
				C5AA8ACE21EA132800A81B8C /* Todoey.app */,
			);
			name = Products;
			sourceTree = "<group>";
		};
		C5AA8AD021EA132800A81B8C /* Todoey */ = {
			isa = PBXGroup;
			children = (
				C5AA8AD121EA132800A81B8C /* AppDelegate.swift */,
				C564067421EF64FD00A081BD /* Controllers */,
				C564067321EF648D00A081BD /* Data Model */,
				C564067521EF654100A081BD /* Views */,
				C564067621EF658C00A081BD /* Supporting Files */,
				C5AA8ADD21EA132B00A81B8C /* Info.plist */,
			);
			path = Todoey;
			sourceTree = "<group>";
		};
/* End PBXGroup section */

/* Begin PBXNativeTarget section */
		C5AA8ACD21EA132800A81B8C /* Todoey */ = {
			isa = PBXNativeTarget;
			buildConfigurationList = C5AA8AE021EA132B00A81B8C /* Build configuration list for PBXNativeTarget "Todoey" */;
			buildPhases = (
				995ED962F9BDC188741139E4 /* [CP] Check Pods Manifest.lock */,
				C5AA8ACA21EA132800A81B8C /* Sources */,
				C5AA8ACB21EA132800A81B8C /* Frameworks */,
				C5AA8ACC21EA132800A81B8C /* Resources */,
				33A7F7280D9CD9D5B3531D74 /* [CP] Embed Pods Frameworks */,
			);
			buildRules = (
			);
			dependencies = (
			);
			name = Todoey;
			productName = Todoey;
			productReference = C5AA8ACE21EA132800A81B8C /* Todoey.app */;
			productType = "com.apple.product-type.application";
		};
/* End PBXNativeTarget section */

/* Begin PBXProject section */
		C5AA8AC621EA132800A81B8C /* Project object */ = {
			isa = PBXProject;
			attributes = {
				LastSwiftUpdateCheck = 1010;
				LastUpgradeCheck = 1010;
				ORGANIZATIONNAME = "Umut Emre";
				TargetAttributes = {
					C5AA8ACD21EA132800A81B8C = {
						CreatedOnToolsVersion = 10.1;
					};
				};
			};
			buildConfigurationList = C5AA8AC921EA132800A81B8C /* Build configuration list for PBXProject "Todoey" */;
			compatibilityVersion = "Xcode 9.3";
			developmentRegion = en;
			hasScannedForEncodings = 0;
			knownRegions = (
				en,
				Base,
			);
			mainGroup = C5AA8AC521EA132800A81B8C;
			productRefGroup = C5AA8ACF21EA132800A81B8C /* Products */;
			projectDirPath = "";
			projectRoot = "";
			targets = (
				C5AA8ACD21EA132800A81B8C /* Todoey */,
			);
		};
/* End PBXProject section */

/* Begin PBXResourcesBuildPhase section */
		C5AA8ACC21EA132800A81B8C /* Resources */ = {
			isa = PBXResourcesBuildPhase;
			buildActionMask = 2147483647;
			files = (
				C5AA8ADC21EA132B00A81B8C /* LaunchScreen.storyboard in Resources */,
				C5AA8AD921EA132B00A81B8C /* Assets.xcassets in Resources */,
				C5AA8AD721EA132800A81B8C /* Main.storyboard in Resources */,
			);
			runOnlyForDeploymentPostprocessing = 0;
		};
/* End PBXResourcesBuildPhase section */

/* Begin PBXShellScriptBuildPhase section */
		33A7F7280D9CD9D5B3531D74 /* [CP] Embed Pods Frameworks */ = {
			isa = PBXShellScriptBuildPhase;
			buildActionMask = 2147483647;
			files = (
			);
			inputFileListPaths = (
			);
			inputPaths = (
				"${SRCROOT}/Pods/Target Support Files/Pods-Todoey/Pods-Todoey-frameworks.sh",
				"${BUILT_PRODUCTS_DIR}/Realm/Realm.framework",
				"${BUILT_PRODUCTS_DIR}/RealmSwift/RealmSwift.framework",
			);
			name = "[CP] Embed Pods Frameworks";
			outputFileListPaths = (
			);
			outputPaths = (
				"${TARGET_BUILD_DIR}/${FRAMEWORKS_FOLDER_PATH}/Realm.framework",
				"${TARGET_BUILD_DIR}/${FRAMEWORKS_FOLDER_PATH}/RealmSwift.framework",
			);
			runOnlyForDeploymentPostprocessing = 0;
			shellPath = /bin/sh;
			shellScript = "\"${SRCROOT}/Pods/Target Support Files/Pods-Todoey/Pods-Todoey-frameworks.sh\"\n";
			showEnvVarsInLog = 0;
		};
		995ED962F9BDC188741139E4 /* [CP] Check Pods Manifest.lock */ = {
			isa = PBXShellScriptBuildPhase;
			buildActionMask = 2147483647;
			files = (
			);
			inputFileListPaths = (
			);
			inputPaths = (
				"${PODS_PODFILE_DIR_PATH}/Podfile.lock",
				"${PODS_ROOT}/Manifest.lock",
			);
			name = "[CP] Check Pods Manifest.lock";
			outputFileListPaths = (
			);
			outputPaths = (
				"$(DERIVED_FILE_DIR)/Pods-Todoey-checkManifestLockResult.txt",
			);
			runOnlyForDeploymentPostprocessing = 0;
			shellPath = /bin/sh;
			shellScript = "diff \"${PODS_PODFILE_DIR_PATH}/Podfile.lock\" \"${PODS_ROOT}/Manifest.lock\" > /dev/null\nif [ $? != 0 ] ; then\n    # print error to STDERR\n    echo \"error: The sandbox is not in sync with the Podfile.lock. Run 'pod install' or update your CocoaPods installation.\" >&2\n    exit 1\nfi\n# This output is used by Xcode 'outputs' to avoid re-running this script phase.\necho \"SUCCESS\" > \"${SCRIPT_OUTPUT_FILE_0}\"\n";
			showEnvVarsInLog = 0;
		};
/* End PBXShellScriptBuildPhase section */

/* Begin PBXSourcesBuildPhase section */
		C5AA8ACA21EA132800A81B8C /* Sources */ = {
			isa = PBXSourcesBuildPhase;
			buildActionMask = 2147483647;
			files = (
				C565EBBA2212FFB700529D01 /* Item.swift in Sources */,
				C55FBD4421FF39EC00B51F7A /* CategoryViewController.swift in Sources */,
				C5AA8AD421EA132800A81B8C /* TodoListViewController.swift in Sources */,
				C5AA8AD221EA132800A81B8C /* AppDelegate.swift in Sources */,
				C565EBBC2212FFCC00529D01 /* Category.swift in Sources */,
			);
			runOnlyForDeploymentPostprocessing = 0;
		};
/* End PBXSourcesBuildPhase section */

/* Begin PBXVariantGroup section */
		C5AA8AD521EA132800A81B8C /* Main.storyboard */ = {
			isa = PBXVariantGroup;
			children = (
				C5AA8AD621EA132800A81B8C /* Base */,
			);
			name = Main.storyboard;
			sourceTree = "<group>";
		};
		C5AA8ADA21EA132B00A81B8C /* LaunchScreen.storyboard */ = {
			isa = PBXVariantGroup;
			children = (
				C5AA8ADB21EA132B00A81B8C /* Base */,
			);
			name = LaunchScreen.storyboard;
			sourceTree = "<group>";
		};
/* End PBXVariantGroup section */

/* Begin XCBuildConfiguration section */
		C5AA8ADE21EA132B00A81B8C /* Debug */ = {
			isa = XCBuildConfiguration;
			buildSettings = {
				ALWAYS_SEARCH_USER_PATHS = NO;
				CLANG_ANALYZER_NONNULL = YES;
				CLANG_ANALYZER_NUMBER_OBJECT_CONVERSION = YES_AGGRESSIVE;
				CLANG_CXX_LANGUAGE_STANDARD = "gnu++14";
				CLANG_CXX_LIBRARY = "libc++";
				CLANG_ENABLE_MODULES = YES;
				CLANG_ENABLE_OBJC_ARC = YES;
				CLANG_ENABLE_OBJC_WEAK = YES;
				CLANG_WARN_BLOCK_CAPTURE_AUTORELEASING = YES;
				CLANG_WARN_BOOL_CONVERSION = YES;
				CLANG_WARN_COMMA = YES;
				CLANG_WARN_CONSTANT_CONVERSION = YES;
				CLANG_WARN_DEPRECATED_OBJC_IMPLEMENTATIONS = YES;
				CLANG_WARN_DIRECT_OBJC_ISA_USAGE = YES_ERROR;
				CLANG_WARN_DOCUMENTATION_COMMENTS = YES;
				CLANG_WARN_EMPTY_BODY = YES;
				CLANG_WARN_ENUM_CONVERSION = YES;
				CLANG_WARN_INFINITE_RECURSION = YES;
				CLANG_WARN_INT_CONVERSION = YES;
				CLANG_WARN_NON_LITERAL_NULL_CONVERSION = YES;
				CLANG_WARN_OBJC_IMPLICIT_RETAIN_SELF = YES;
				CLANG_WARN_OBJC_LITERAL_CONVERSION = YES;
				CLANG_WARN_OBJC_ROOT_CLASS = YES_ERROR;
				CLANG_WARN_RANGE_LOOP_ANALYSIS = YES;
				CLANG_WARN_STRICT_PROTOTYPES = YES;
				CLANG_WARN_SUSPICIOUS_MOVE = YES;
				CLANG_WARN_UNGUARDED_AVAILABILITY = YES_AGGRESSIVE;
				CLANG_WARN_UNREACHABLE_CODE = YES;
				CLANG_WARN__DUPLICATE_METHOD_MATCH = YES;
				CODE_SIGN_IDENTITY = "iPhone Developer";
				COPY_PHASE_STRIP = NO;
				DEBUG_INFORMATION_FORMAT = dwarf;
				ENABLE_STRICT_OBJC_MSGSEND = YES;
				ENABLE_TESTABILITY = YES;
				GCC_C_LANGUAGE_STANDARD = gnu11;
				GCC_DYNAMIC_NO_PIC = NO;
				GCC_NO_COMMON_BLOCKS = YES;
				GCC_OPTIMIZATION_LEVEL = 0;
				GCC_PREPROCESSOR_DEFINITIONS = (
					"DEBUG=1",
					"$(inherited)",
				);
				GCC_WARN_64_TO_32_BIT_CONVERSION = YES;
				GCC_WARN_ABOUT_RETURN_TYPE = YES_ERROR;
				GCC_WARN_UNDECLARED_SELECTOR = YES;
				GCC_WARN_UNINITIALIZED_AUTOS = YES_AGGRESSIVE;
				GCC_WARN_UNUSED_FUNCTION = YES;
				GCC_WARN_UNUSED_VARIABLE = YES;
				IPHONEOS_DEPLOYMENT_TARGET = 12.1;
				MTL_ENABLE_DEBUG_INFO = INCLUDE_SOURCE;
				MTL_FAST_MATH = YES;
				ONLY_ACTIVE_ARCH = YES;
				SDKROOT = iphoneos;
				SWIFT_ACTIVE_COMPILATION_CONDITIONS = DEBUG;
				SWIFT_OPTIMIZATION_LEVEL = "-Onone";
			};
			name = Debug;
		};
		C5AA8ADF21EA132B00A81B8C /* Release */ = {
			isa = XCBuildConfiguration;
			buildSettings = {
				ALWAYS_SEARCH_USER_PATHS = NO;
				CLANG_ANALYZER_NONNULL = YES;
				CLANG_ANALYZER_NUMBER_OBJECT_CONVERSION = YES_AGGRESSIVE;
				CLANG_CXX_LANGUAGE_STANDARD = "gnu++14";
				CLANG_CXX_LIBRARY = "libc++";
				CLANG_ENABLE_MODULES = YES;
				CLANG_ENABLE_OBJC_ARC = YES;
				CLANG_ENABLE_OBJC_WEAK = YES;
				CLANG_WARN_BLOCK_CAPTURE_AUTORELEASING = YES;
				CLANG_WARN_BOOL_CONVERSION = YES;
				CLANG_WARN_COMMA = YES;
				CLANG_WARN_CONSTANT_CONVERSION = YES;
				CLANG_WARN_DEPRECATED_OBJC_IMPLEMENTATIONS = YES;
				CLANG_WARN_DIRECT_OBJC_ISA_USAGE = YES_ERROR;
				CLANG_WARN_DOCUMENTATION_COMMENTS = YES;
				CLANG_WARN_EMPTY_BODY = YES;
				CLANG_WARN_ENUM_CONVERSION = YES;
				CLANG_WARN_INFINITE_RECURSION = YES;
				CLANG_WARN_INT_CONVERSION = YES;
				CLANG_WARN_NON_LITERAL_NULL_CONVERSION = YES;
				CLANG_WARN_OBJC_IMPLICIT_RETAIN_SELF = YES;
				CLANG_WARN_OBJC_LITERAL_CONVERSION = YES;
				CLANG_WARN_OBJC_ROOT_CLASS = YES_ERROR;
				CLANG_WARN_RANGE_LOOP_ANALYSIS = YES;
				CLANG_WARN_STRICT_PROTOTYPES = YES;
				CLANG_WARN_SUSPICIOUS_MOVE = YES;
				CLANG_WARN_UNGUARDED_AVAILABILITY = YES_AGGRESSIVE;
				CLANG_WARN_UNREACHABLE_CODE = YES;
				CLANG_WARN__DUPLICATE_METHOD_MATCH = YES;
				CODE_SIGN_IDENTITY = "iPhone Developer";
				COPY_PHASE_STRIP = NO;
				DEBUG_INFORMATION_FORMAT = "dwarf-with-dsym";
				ENABLE_NS_ASSERTIONS = NO;
				ENABLE_STRICT_OBJC_MSGSEND = YES;
				GCC_C_LANGUAGE_STANDARD = gnu11;
				GCC_NO_COMMON_BLOCKS = YES;
				GCC_WARN_64_TO_32_BIT_CONVERSION = YES;
				GCC_WARN_ABOUT_RETURN_TYPE = YES_ERROR;
				GCC_WARN_UNDECLARED_SELECTOR = YES;
				GCC_WARN_UNINITIALIZED_AUTOS = YES_AGGRESSIVE;
				GCC_WARN_UNUSED_FUNCTION = YES;
				GCC_WARN_UNUSED_VARIABLE = YES;
				IPHONEOS_DEPLOYMENT_TARGET = 12.1;
				MTL_ENABLE_DEBUG_INFO = NO;
				MTL_FAST_MATH = YES;
				SDKROOT = iphoneos;
				SWIFT_COMPILATION_MODE = wholemodule;
				SWIFT_OPTIMIZATION_LEVEL = "-O";
				VALIDATE_PRODUCT = YES;
			};
			name = Release;
		};
		C5AA8AE121EA132B00A81B8C /* Debug */ = {
			isa = XCBuildConfiguration;
			baseConfigurationReference = AEC0FCC95CEE95226EBC0AF4 /* Pods-Todoey.debug.xcconfig */;
			buildSettings = {
				ASSETCATALOG_COMPILER_APPICON_NAME = AppIcon;
				CODE_SIGN_STYLE = Automatic;
				DEVELOPMENT_TEAM = 728FZJ7N53;
				INFOPLIST_FILE = Todoey/Info.plist;
				IPHONEOS_DEPLOYMENT_TARGET = 12.1;
				LD_RUNPATH_SEARCH_PATHS = (
					"$(inherited)",
					"@executable_path/Frameworks",
				);
				PRODUCT_BUNDLE_IDENTIFIER = com.umudy.Todoey;
				PRODUCT_NAME = "$(TARGET_NAME)";
				SWIFT_VERSION = 4.2;
				TARGETED_DEVICE_FAMILY = "1,2";
			};
			name = Debug;
		};
		C5AA8AE221EA132B00A81B8C /* Release */ = {
			isa = XCBuildConfiguration;
			baseConfigurationReference = D7F26CD0DFA06D61D02C939B /* Pods-Todoey.release.xcconfig */;
			buildSettings = {
				ASSETCATALOG_COMPILER_APPICON_NAME = AppIcon;
				CODE_SIGN_STYLE = Automatic;
				DEVELOPMENT_TEAM = 728FZJ7N53;
				INFOPLIST_FILE = Todoey/Info.plist;
				IPHONEOS_DEPLOYMENT_TARGET = 12.1;
				LD_RUNPATH_SEARCH_PATHS = (
					"$(inherited)",
					"@executable_path/Frameworks",
				);
				PRODUCT_BUNDLE_IDENTIFIER = com.umudy.Todoey;
				PRODUCT_NAME = "$(TARGET_NAME)";
				SWIFT_VERSION = 4.2;
				TARGETED_DEVICE_FAMILY = "1,2";
			};
			name = Release;
		};
/* End XCBuildConfiguration section */

/* Begin XCConfigurationList section */
		C5AA8AC921EA132800A81B8C /* Build configuration list for PBXProject "Todoey" */ = {
			isa = XCConfigurationList;
			buildConfigurations = (
				C5AA8ADE21EA132B00A81B8C /* Debug */,
				C5AA8ADF21EA132B00A81B8C /* Release */,
			);
			defaultConfigurationIsVisible = 0;
			defaultConfigurationName = Release;
		};
		C5AA8AE021EA132B00A81B8C /* Build configuration list for PBXNativeTarget "Todoey" */ = {
			isa = XCConfigurationList;
			buildConfigurations = (
				C5AA8AE121EA132B00A81B8C /* Debug */,
				C5AA8AE221EA132B00A81B8C /* Release */,
			);
			defaultConfigurationIsVisible = 0;
			defaultConfigurationName = Release;
		};
/* End XCConfigurationList section */
	};
	rootObject = C5AA8AC621EA132800A81B8C /* Project object */;
}
